PODS:
  - app_intents (0.0.1):
    - Flutter
  - app_links (6.4.1):
    - Flutter
  - Flutter (1.0.0)

DEPENDENCIES:
  - app_intents (from `.symlinks/plugins/app_intents/ios`)
  - app_links (from `.symlinks/plugins/app_links/ios`)
  - Flutter (from `Flutter`)

EXTERNAL SOURCES:
  app_intents:
    :path: ".symlinks/plugins/app_intents/ios"
  app_links:
    :path: ".symlinks/plugins/app_links/ios"
  Flutter:
    :path: Flutter

SPEC CHECKSUMS:
  app_intents: 704ec446661f7908cb797cf2c37b9f0b2bd91646
  app_links: 3dbc685f76b1693c66a6d9dd1e9ab6f73d97dc0a
  Flutter: cabc95a1d2626b1b06e7179b784ebcf0c0cde467

PODFILE CHECKSUM: 7ea13765d9d05bde6927c5f6ef2f395d46cf3f62

COCOAPODS: 1.16.2
