PODS:
  - app_intents (0.7.8):
    - Flutter
  - Flutter (1.0.0)

DEPENDENCIES:
  - app_intents (from `.symlinks/plugins/app_intents/ios`)
  - Flutter (from `Flutter`)

EXTERNAL SOURCES:
  app_intents:
    :path: ".symlinks/plugins/app_intents/ios"
  Flutter:
    :path: Flutter

SPEC CHECKSUMS:
  app_intents: 882a5f43aa82bf06ae6dbcbe6f2d3beeaaf36934
  Flutter: cabc95a1d2626b1b06e7179b784ebcf0c0cde467

PODFILE CHECKSUM: 68a0fe41997147e5d043c7ed50614ab4a3969700

COCOAPODS: 1.16.2
