PODS:
  - app_intents (0.1.0):
    - Flutter
  - Flutter (1.0.0)

DEPENDENCIES:
  - app_intents (from `.symlinks/plugins/app_intents/ios`)
  - Flutter (from `Flutter`)

EXTERNAL SOURCES:
  app_intents:
    :path: ".symlinks/plugins/app_intents/ios"
  Flutter:
    :path: Flutter

SPEC CHECKSUMS:
  app_intents: 90eeb068523e917551d1a2baced4502c4f8c1d06
  Flutter: cabc95a1d2626b1b06e7179b784ebcf0c0cde467

PODFILE CHECKSUM: 68a0fe41997147e5d043c7ed50614ab4a3969700

COCOAPODS: 1.16.2
